{
	"name": "usemail",
	"version": "1.0.0",
	"lockfileVersion": 2,
	"requires": true,
	"packages": {
		"": {
			"version": "1.0.0",
			"license": "ISC",
			"dependencies": {
				"mail": "file:..\\common\\mail"
			}
		},
		"../common/mail": {
			"version": "1.0.0",
			"license": "ISC",
			"dependencies": {
				"nodemailer": "^6.4.18"
			}
		},
		"node_modules/mail": {
			"resolved": "../common/mail",
			"link": true
		}
	},
	"dependencies": {
		"mail": {
			"version": "file:../common/mail",
			"requires": {
				"nodemailer": "^6.4.18"
			}
		}
	}
}
